// !$*UTF8*$!
{
	archiveVersion = 1;
	classes = {
	};
	objectVersion = 56;
	objects = {

/* Begin PBXBuildFile section */
		47B90977285824EF00F50DD7 /* UI_588App.swift in Sources */ = {isa = PBXBuildFile; fileRef = 47B90976285824EF00F50DD7 /* UI_588App.swift */; };
		47B90979285824EF00F50DD7 /* ContentView.swift in Sources */ = {isa = PBXBuildFile; fileRef = 47B90978285824EF00F50DD7 /* ContentView.swift */; };
		47B9097B285824EF00F50DD7 /* Assets.xcassets in Resources */ = {isa = PBXBuildFile; fileRef = 47B9097A285824EF00F50DD7 /* Assets.xcassets */; };
		47B9097E285824EF00F50DD7 /* Preview Assets.xcassets in Resources */ = {isa = PBXBuildFile; fileRef = 47B9097D285824EF00F50DD7 /* Preview Assets.xcassets */; };
		47B90988285824F000F50DD7 /* UI_588Tests.swift in Sources */ = {isa = PBXBuildFile; fileRef = 47B90987285824F000F50DD7 /* UI_588Tests.swift */; };
		47B90992285824F000F50DD7 /* UI_588UITests.swift in Sources */ = {isa = PBXBuildFile; fileRef = 47B90991285824F000F50DD7 /* UI_588UITests.swift */; };
		47B90994285824F000F50DD7 /* UI_588UITestsLaunchTests.swift in Sources */ = {isa = PBXBuildFile; fileRef = 47B90993285824F000F50DD7 /* UI_588UITestsLaunchTests.swift */; };
		47B909A2285824FD00F50DD7 /* Home.swift in Sources */ = {isa = PBXBuildFile; fileRef = 47B909A1285824FD00F50DD7 /* Home.swift */; };
		47B909A52858253600F50DD7 /* SliteView.swift in Sources */ = {isa = PBXBuildFile; fileRef = 47B909A42858253600F50DD7 /* SliteView.swift */; };
		47B909A7285834E100F50DD7 /* MainView.swift in Sources */ = {isa = PBXBuildFile; fileRef = 47B909A6285834E100F50DD7 /* MainView.swift */; };
/* End PBXBuildFile section */

/* Begin PBXContainerItemProxy section */
		47B90984285824F000F50DD7 /* PBXContainerItemProxy */ = {
			isa = PBXContainerItemProxy;
			containerPortal = 47B9096B285824EF00F50DD7 /* Project object */;
			proxyType = 1;
			remoteGlobalIDString = 47B90972285824EF00F50DD7;
			remoteInfo = "UI-588";
		};
		47B9098E285824F000F50DD7 /* PBXContainerItemProxy */ = {
			isa = PBXContainerItemProxy;
			containerPortal = 47B9096B285824EF00F50DD7 /* Project object */;
			proxyType = 1;
			remoteGlobalIDString = 47B90972285824EF00F50DD7;
			remoteInfo = "UI-588";
		};
/* End PBXContainerItemProxy section */

/* Begin PBXFileReference section */
		47B90973285824EF00F50DD7 /* UI-588.app */ = {isa = PBXFileReference; explicitFileType = wrapper.application; includeInIndex = 0; path = "UI-588.app"; sourceTree = BUILT_PRODUCTS_DIR; };
		47B90976285824EF00F50DD7 /* UI_588App.swift */ = {isa = PBXFileReference; lastKnownFileType = sourcecode.swift; path = UI_588App.swift; sourceTree = "<group>"; };
		47B90978285824EF00F50DD7 /* ContentView.swift */ = {isa = PBXFileReference; lastKnownFileType = sourcecode.swift; path = ContentView.swift; sourceTree = "<group>"; };
		47B9097A285824EF00F50DD7 /* Assets.xcassets */ = {isa = PBXFileReference; lastKnownFileType = folder.assetcatalog; path = Assets.xcassets; sourceTree = "<group>"; };
		47B9097D285824EF00F50DD7 /* Preview Assets.xcassets */ = {isa = PBXFileReference; lastKnownFileType = folder.assetcatalog; path = "Preview Assets.xcassets"; sourceTree = "<group>"; };
		47B90983285824F000F50DD7 /* UI-588Tests.xctest */ = {isa = PBXFileReference; explicitFileType = wrapper.cfbundle; includeInIndex = 0; path = "UI-588Tests.xctest"; sourceTree = BUILT_PRODUCTS_DIR; };
		47B90987285824F000F50DD7 /* UI_588Tests.swift */ = {isa = PBXFileReference; lastKnownFileType = sourcecode.swift; path = UI_588Tests.swift; sourceTree = "<group>"; };
		47B9098D285824F000F50DD7 /* UI-588UITests.xctest */ = {isa = PBXFileReference; explicitFileType = wrapper.cfbundle; includeInIndex = 0; path = "UI-588UITests.xctest"; sourceTree = BUILT_PRODUCTS_DIR; };
		47B90991285824F000F50DD7 /* UI_588UITests.swift */ = {isa = PBXFileReference; lastKnownFileType = sourcecode.swift; path = UI_588UITests.swift; sourceTree = "<group>"; };
		47B90993285824F000F50DD7 /* UI_588UITestsLaunchTests.swift */ = {isa = PBXFileReference; lastKnownFileType = sourcecode.swift; path = UI_588UITestsLaunchTests.swift; sourceTree = "<group>"; };
		47B909A1285824FD00F50DD7 /* Home.swift */ = {isa = PBXFileReference; lastKnownFileType = sourcecode.swift; path = Home.swift; sourceTree = "<group>"; };
		47B909A42858253600F50DD7 /* SliteView.swift */ = {isa = PBXFileReference; lastKnownFileType = sourcecode.swift; path = SliteView.swift; sourceTree = "<group>"; };
		47B909A6285834E100F50DD7 /* MainView.swift */ = {isa = PBXFileReference; lastKnownFileType = sourcecode.swift; path = MainView.swift; sourceTree = "<group>"; };
/* End PBXFileReference section */

/* Begin PBXFrameworksBuildPhase section */
		47B90970285824EF00F50DD7 /* Frameworks */ = {
			isa = PBXFrameworksBuildPhase;
			buildActionMask = 2147483647;
			files = (
			);
			runOnlyForDeploymentPostprocessing = 0;
		};
		47B90980285824F000F50DD7 /* Frameworks */ = {
			isa = PBXFrameworksBuildPhase;
			buildActionMask = 2147483647;
			files = (
			);
			runOnlyForDeploymentPostprocessing = 0;
		};
		47B9098A285824F000F50DD7 /* Frameworks */ = {
			isa = PBXFrameworksBuildPhase;
			buildActionMask = 2147483647;
			files = (
			);
			runOnlyForDeploymentPostprocessing = 0;
		};
/* End PBXFrameworksBuildPhase section */

/* Begin PBXGroup section */
		47B9096A285824EF00F50DD7 = {
			isa = PBXGroup;
			children = (
				47B90975285824EF00F50DD7 /* UI-588 */,
				47B90986285824F000F50DD7 /* UI-588Tests */,
				47B90990285824F000F50DD7 /* UI-588UITests */,
				47B90974285824EF00F50DD7 /* Products */,
			);
			sourceTree = "<group>";
		};
		47B90974285824EF00F50DD7 /* Products */ = {
			isa = PBXGroup;
			children = (
				47B90973285824EF00F50DD7 /* UI-588.app */,
				47B90983285824F000F50DD7 /* UI-588Tests.xctest */,
				47B9098D285824F000F50DD7 /* UI-588UITests.xctest */,
			);
			name = Products;
			sourceTree = "<group>";
		};
		47B90975285824EF00F50DD7 /* UI-588 */ = {
			isa = PBXGroup;
			children = (
				47B909A32858252B00F50DD7 /* Model */,
				47B909A0285824F800F50DD7 /* View */,
				47B90976285824EF00F50DD7 /* UI_588App.swift */,
				47B90978285824EF00F50DD7 /* ContentView.swift */,
				47B9097A285824EF00F50DD7 /* Assets.xcassets */,
				47B9097C285824EF00F50DD7 /* Preview Content */,
			);
			path = "UI-588";
			sourceTree = "<group>";
		};
		47B9097C285824EF00F50DD7 /* Preview Content */ = {
			isa = PBXGroup;
			children = (
				47B9097D285824EF00F50DD7 /* Preview Assets.xcassets */,
			);
			path = "Preview Content";
			sourceTree = "<group>";
		};
		47B90986285824F000F50DD7 /* UI-588Tests */ = {
			isa = PBXGroup;
			children = (
				47B90987285824F000F50DD7 /* UI_588Tests.swift */,
			);
			path = "UI-588Tests";
			sourceTree = "<group>";
		};
		47B90990285824F000F50DD7 /* UI-588UITests */ = {
			isa = PBXGroup;
			children = (
				47B90991285824F000F50DD7 /* UI_588UITests.swift */,
				47B90993285824F000F50DD7 /* UI_588UITestsLaunchTests.swift */,
			);
			path = "UI-588UITests";
			sourceTree = "<group>";
		};
		47B909A0285824F800F50DD7 /* View */ = {
			isa = PBXGroup;
			children = (
				47B909A1285824FD00F50DD7 /* Home.swift */,
				47B909A6285834E100F50DD7 /* MainView.swift */,
			);
			path = View;
			sourceTree = "<group>";
		};
		47B909A32858252B00F50DD7 /* Model */ = {
			isa = PBXGroup;
			children = (
				47B909A42858253600F50DD7 /* SliteView.swift */,
			);
			path = Model;
			sourceTree = "<group>";
		};
/* End PBXGroup section */

/* Begin PBXNativeTarget section */
		47B90972285824EF00F50DD7 /* UI-588 */ = {
			isa = PBXNativeTarget;
			buildConfigurationList = 47B90997285824F000F50DD7 /* Build configuration list for PBXNativeTarget "UI-588" */;
			buildPhases = (
				47B9096F285824EF00F50DD7 /* Sources */,
				47B90970285824EF00F50DD7 /* Frameworks */,
				47B90971285824EF00F50DD7 /* Resources */,
			);
			buildRules = (
			);
			dependencies = (
			);
			name = "UI-588";
			productName = "UI-588";
			productReference = 47B90973285824EF00F50DD7 /* UI-588.app */;
			productType = "com.apple.product-type.application";
		};
		47B90982285824F000F50DD7 /* UI-588Tests */ = {
			isa = PBXNativeTarget;
			buildConfigurationList = 47B9099A285824F000F50DD7 /* Build configuration list for PBXNativeTarget "UI-588Tests" */;
			buildPhases = (
				47B9097F285824F000F50DD7 /* Sources */,
				47B90980285824F000F50DD7 /* Frameworks */,
				47B90981285824F000F50DD7 /* Resources */,
			);
			buildRules = (
			);
			dependencies = (
				47B90985285824F000F50DD7 /* PBXTargetDependency */,
			);
			name = "UI-588Tests";
			productName = "UI-588Tests";
			productReference = 47B90983285824F000F50DD7 /* UI-588Tests.xctest */;
			productType = "com.apple.product-type.bundle.unit-test";
		};
		47B9098C285824F000F50DD7 /* UI-588UITests */ = {
			isa = PBXNativeTarget;
			buildConfigurationList = 47B9099D285824F000F50DD7 /* Build configuration list for PBXNativeTarget "UI-588UITests" */;
			buildPhases = (
				47B90989285824F000F50DD7 /* Sources */,
				47B9098A285824F000F50DD7 /* Frameworks */,
				47B9098B285824F000F50DD7 /* Resources */,
			);
			buildRules = (
			);
			dependencies = (
				47B9098F285824F000F50DD7 /* PBXTargetDependency */,
			);
			name = "UI-588UITests";
			productName = "UI-588UITests";
			productReference = 47B9098D285824F000F50DD7 /* UI-588UITests.xctest */;
			productType = "com.apple.product-type.bundle.ui-testing";
		};
/* End PBXNativeTarget section */

/* Begin PBXProject section */
		47B9096B285824EF00F50DD7 /* Project object */ = {
			isa = PBXProject;
			attributes = {
				BuildIndependentTargetsInParallel = 1;
				LastSwiftUpdateCheck = 1400;
				LastUpgradeCheck = 1400;
				TargetAttributes = {
					47B90972285824EF00F50DD7 = {
						CreatedOnToolsVersion = 14.0;
					};
					47B90982285824F000F50DD7 = {
						CreatedOnToolsVersion = 14.0;
						TestTargetID = 47B90972285824EF00F50DD7;
					};
					47B9098C285824F000F50DD7 = {
						CreatedOnToolsVersion = 14.0;
						TestTargetID = 47B90972285824EF00F50DD7;
					};
				};
			};
			buildConfigurationList = 47B9096E285824EF00F50DD7 /* Build configuration list for PBXProject "UI-588" */;
			compatibilityVersion = "Xcode 14.0";
			developmentRegion = en;
			hasScannedForEncodings = 0;
			knownRegions = (
				en,
				Base,
			);
			mainGroup = 47B9096A285824EF00F50DD7;
			productRefGroup = 47B90974285824EF00F50DD7 /* Products */;
			projectDirPath = "";
			projectRoot = "";
			targets = (
				47B90972285824EF00F50DD7 /* UI-588 */,
				47B90982285824F000F50DD7 /* UI-588Tests */,
				47B9098C285824F000F50DD7 /* UI-588UITests */,
			);
		};
/* End PBXProject section */

/* Begin PBXResourcesBuildPhase section */
		47B90971285824EF00F50DD7 /* Resources */ = {
			isa = PBXResourcesBuildPhase;
			buildActionMask = 2147483647;
			files = (
				47B9097E285824EF00F50DD7 /* Preview Assets.xcassets in Resources */,
				47B9097B285824EF00F50DD7 /* Assets.xcassets in Resources */,
			);
			runOnlyForDeploymentPostprocessing = 0;
		};
		47B90981285824F000F50DD7 /* Resources */ = {
			isa = PBXResourcesBuildPhase;
			buildActionMask = 2147483647;
			files = (
			);
			runOnlyForDeploymentPostprocessing = 0;
		};
		47B9098B285824F000F50DD7 /* Resources */ = {
			isa = PBXResourcesBuildPhase;
			buildActionMask = 2147483647;
			files = (
			);
			runOnlyForDeploymentPostprocessing = 0;
		};
/* End PBXResourcesBuildPhase section */

/* Begin PBXSourcesBuildPhase section */
		47B9096F285824EF00F50DD7 /* Sources */ = {
			isa = PBXSourcesBuildPhase;
			buildActionMask = 2147483647;
			files = (
				47B90979285824EF00F50DD7 /* ContentView.swift in Sources */,
				47B909A2285824FD00F50DD7 /* Home.swift in Sources */,
				47B909A52858253600F50DD7 /* SliteView.swift in Sources */,
				47B909A7285834E100F50DD7 /* MainView.swift in Sources */,
				47B90977285824EF00F50DD7 /* UI_588App.swift in Sources */,
			);
			runOnlyForDeploymentPostprocessing = 0;
		};
		47B9097F285824F000F50DD7 /* Sources */ = {
			isa = PBXSourcesBuildPhase;
			buildActionMask = 2147483647;
			files = (
				47B90988285824F000F50DD7 /* UI_588Tests.swift in Sources */,
			);
			runOnlyForDeploymentPostprocessing = 0;
		};
		47B90989285824F000F50DD7 /* Sources */ = {
			isa = PBXSourcesBuildPhase;
			buildActionMask = 2147483647;
			files = (
				47B90994285824F000F50DD7 /* UI_588UITestsLaunchTests.swift in Sources */,
				47B90992285824F000F50DD7 /* UI_588UITests.swift in Sources */,
			);
			runOnlyForDeploymentPostprocessing = 0;
		};
/* End PBXSourcesBuildPhase section */

/* Begin PBXTargetDependency section */
		47B90985285824F000F50DD7 /* PBXTargetDependency */ = {
			isa = PBXTargetDependency;
			target = 47B90972285824EF00F50DD7 /* UI-588 */;
			targetProxy = 47B90984285824F000F50DD7 /* PBXContainerItemProxy */;
		};
		47B9098F285824F000F50DD7 /* PBXTargetDependency */ = {
			isa = PBXTargetDependency;
			target = 47B90972285824EF00F50DD7 /* UI-588 */;
			targetProxy = 47B9098E285824F000F50DD7 /* PBXContainerItemProxy */;
		};
/* End PBXTargetDependency section */

/* Begin XCBuildConfiguration section */
		47B90995285824F000F50DD7 /* Debug */ = {
			isa = XCBuildConfiguration;
			buildSettings = {
				ALWAYS_SEARCH_USER_PATHS = NO;
				CLANG_ANALYZER_NONNULL = YES;
				CLANG_ANALYZER_NUMBER_OBJECT_CONVERSION = YES_AGGRESSIVE;
				CLANG_CXX_LANGUAGE_STANDARD = "gnu++17";
				CLANG_ENABLE_MODULES = YES;
				CLANG_ENABLE_OBJC_ARC = YES;
				CLANG_ENABLE_OBJC_WEAK = YES;
				CLANG_WARN_BLOCK_CAPTURE_AUTORELEASING = YES;
				CLANG_WARN_BOOL_CONVERSION = YES;
				CLANG_WARN_COMMA = YES;
				CLANG_WARN_CONSTANT_CONVERSION = YES;
				CLANG_WARN_DEPRECATED_OBJC_IMPLEMENTATIONS = YES;
				CLANG_WARN_DIRECT_OBJC_ISA_USAGE = YES_ERROR;
				CLANG_WARN_DOCUMENTATION_COMMENTS = YES;
				CLANG_WARN_EMPTY_BODY = YES;
				CLANG_WARN_ENUM_CONVERSION = YES;
				CLANG_WARN_INFINITE_RECURSION = YES;
				CLANG_WARN_INT_CONVERSION = YES;
				CLANG_WARN_NON_LITERAL_NULL_CONVERSION = YES;
				CLANG_WARN_OBJC_IMPLICIT_RETAIN_SELF = YES;
				CLANG_WARN_OBJC_LITERAL_CONVERSION = YES;
				CLANG_WARN_OBJC_ROOT_CLASS = YES_ERROR;
				CLANG_WARN_QUOTED_INCLUDE_IN_FRAMEWORK_HEADER = YES;
				CLANG_WARN_RANGE_LOOP_ANALYSIS = YES;
				CLANG_WARN_STRICT_PROTOTYPES = YES;
				CLANG_WARN_SUSPICIOUS_MOVE = YES;
				CLANG_WARN_UNGUARDED_AVAILABILITY = YES_AGGRESSIVE;
				CLANG_WARN_UNREACHABLE_CODE = YES;
				CLANG_WARN__DUPLICATE_METHOD_MATCH = YES;
				COPY_PHASE_STRIP = NO;
				DEBUG_INFORMATION_FORMAT = dwarf;
				ENABLE_STRICT_OBJC_MSGSEND = YES;
				ENABLE_TESTABILITY = YES;
				GCC_C_LANGUAGE_STANDARD = gnu11;
				GCC_DYNAMIC_NO_PIC = NO;
				GCC_NO_COMMON_BLOCKS = YES;
				GCC_OPTIMIZATION_LEVEL = 0;
				GCC_PREPROCESSOR_DEFINITIONS = (
					"DEBUG=1",
					"$(inherited)",
				);
				GCC_WARN_64_TO_32_BIT_CONVERSION = YES;
				GCC_WARN_ABOUT_RETURN_TYPE = YES_ERROR;
				GCC_WARN_UNDECLARED_SELECTOR = YES;
				GCC_WARN_UNINITIALIZED_AUTOS = YES_AGGRESSIVE;
				GCC_WARN_UNUSED_FUNCTION = YES;
				GCC_WARN_UNUSED_VARIABLE = YES;
				IPHONEOS_DEPLOYMENT_TARGET = 16.0;
				MTL_ENABLE_DEBUG_INFO = INCLUDE_SOURCE;
				MTL_FAST_MATH = YES;
				ONLY_ACTIVE_ARCH = YES;
				SDKROOT = iphoneos;
				SWIFT_ACTIVE_COMPILATION_CONDITIONS = DEBUG;
				SWIFT_OPTIMIZATION_LEVEL = "-Onone";
			};
			name = Debug;
		};
		47B90996285824F000F50DD7 /* Release */ = {
			isa = XCBuildConfiguration;
			buildSettings = {
				ALWAYS_SEARCH_USER_PATHS = NO;
				CLANG_ANALYZER_NONNULL = YES;
				CLANG_ANALYZER_NUMBER_OBJECT_CONVERSION = YES_AGGRESSIVE;
				CLANG_CXX_LANGUAGE_STANDARD = "gnu++17";
				CLANG_ENABLE_MODULES = YES;
				CLANG_ENABLE_OBJC_ARC = YES;
				CLANG_ENABLE_OBJC_WEAK = YES;
				CLANG_WARN_BLOCK_CAPTURE_AUTORELEASING = YES;
				CLANG_WARN_BOOL_CONVERSION = YES;
				CLANG_WARN_COMMA = YES;
				CLANG_WARN_CONSTANT_CONVERSION = YES;
				CLANG_WARN_DEPRECATED_OBJC_IMPLEMENTATIONS = YES;
				CLANG_WARN_DIRECT_OBJC_ISA_USAGE = YES_ERROR;
				CLANG_WARN_DOCUMENTATION_COMMENTS = YES;
				CLANG_WARN_EMPTY_BODY = YES;
				CLANG_WARN_ENUM_CONVERSION = YES;
				CLANG_WARN_INFINITE_RECURSION = YES;
				CLANG_WARN_INT_CONVERSION = YES;
				CLANG_WARN_NON_LITERAL_NULL_CONVERSION = YES;
				CLANG_WARN_OBJC_IMPLICIT_RETAIN_SELF = YES;
				CLANG_WARN_OBJC_LITERAL_CONVERSION = YES;
				CLANG_WARN_OBJC_ROOT_CLASS = YES_ERROR;
				CLANG_WARN_QUOTED_INCLUDE_IN_FRAMEWORK_HEADER = YES;
				CLANG_WARN_RANGE_LOOP_ANALYSIS = YES;
				CLANG_WARN_STRICT_PROTOTYPES = YES;
				CLANG_WARN_SUSPICIOUS_MOVE = YES;
				CLANG_WARN_UNGUARDED_AVAILABILITY = YES_AGGRESSIVE;
				CLANG_WARN_UNREACHABLE_CODE = YES;
				CLANG_WARN__DUPLICATE_METHOD_MATCH = YES;
				COPY_PHASE_STRIP = NO;
				DEBUG_INFORMATION_FORMAT = "dwarf-with-dsym";
				ENABLE_NS_ASSERTIONS = NO;
				ENABLE_STRICT_OBJC_MSGSEND = YES;
				GCC_C_LANGUAGE_STANDARD = gnu11;
				GCC_NO_COMMON_BLOCKS = YES;
				GCC_WARN_64_TO_32_BIT_CONVERSION = YES;
				GCC_WARN_ABOUT_RETURN_TYPE = YES_ERROR;
				GCC_WARN_UNDECLARED_SELECTOR = YES;
				GCC_WARN_UNINITIALIZED_AUTOS = YES_AGGRESSIVE;
				GCC_WARN_UNUSED_FUNCTION = YES;
				GCC_WARN_UNUSED_VARIABLE = YES;
				IPHONEOS_DEPLOYMENT_TARGET = 16.0;
				MTL_ENABLE_DEBUG_INFO = NO;
				MTL_FAST_MATH = YES;
				SDKROOT = iphoneos;
				SWIFT_COMPILATION_MODE = wholemodule;
				SWIFT_OPTIMIZATION_LEVEL = "-O";
				VALIDATE_PRODUCT = YES;
			};
			name = Release;
		};
		47B90998285824F000F50DD7 /* Debug */ = {
			isa = XCBuildConfiguration;
			buildSettings = {
				ASSETCATALOG_COMPILER_APPICON_NAME = AppIcon;
				ASSETCATALOG_COMPILER_GLOBAL_ACCENT_COLOR_NAME = AccentColor;
				CODE_SIGN_STYLE = Automatic;
				CURRENT_PROJECT_VERSION = 1;
				DEVELOPMENT_ASSET_PATHS = "\"UI-588/Preview Content\"";
				DEVELOPMENT_TEAM = 8CL4U468K5;
				ENABLE_PREVIEWS = YES;
				GENERATE_INFOPLIST_FILE = YES;
				INFOPLIST_KEY_UIApplicationSceneManifest_Generation = YES;
				INFOPLIST_KEY_UIApplicationSupportsIndirectInputEvents = YES;
				INFOPLIST_KEY_UILaunchScreen_Generation = YES;
				INFOPLIST_KEY_UISupportedInterfaceOrientations_iPad = "UIInterfaceOrientationPortrait UIInterfaceOrientationPortraitUpsideDown UIInterfaceOrientationLandscapeLeft UIInterfaceOrientationLandscapeRight";
				INFOPLIST_KEY_UISupportedInterfaceOrientations_iPhone = "UIInterfaceOrientationPortrait UIInterfaceOrientationLandscapeLeft UIInterfaceOrientationLandscapeRight";
				LD_RUNPATH_SEARCH_PATHS = (
					"$(inherited)",
					"@executable_path/Frameworks",
				);
				MARKETING_VERSION = 1.0;
				PRODUCT_BUNDLE_IDENTIFIER = "com.585.UI-588";
				PRODUCT_NAME = "$(TARGET_NAME)";
				SWIFT_EMIT_LOC_STRINGS = YES;
				SWIFT_VERSION = 5.0;
				TARGETED_DEVICE_FAMILY = "1,2";
			};
			name = Debug;
		};
		47B90999285824F000F50DD7 /* Release */ = {
			isa = XCBuildConfiguration;
			buildSettings = {
				ASSETCATALOG_COMPILER_APPICON_NAME = AppIcon;
				ASSETCATALOG_COMPILER_GLOBAL_ACCENT_COLOR_NAME = AccentColor;
				CODE_SIGN_STYLE = Automatic;
				CURRENT_PROJECT_VERSION = 1;
				DEVELOPMENT_ASSET_PATHS = "\"UI-588/Preview Content\"";
				DEVELOPMENT_TEAM = 8CL4U468K5;
				ENABLE_PREVIEWS = YES;
				GENERATE_INFOPLIST_FILE = YES;
				INFOPLIST_KEY_UIApplicationSceneManifest_Generation = YES;
				INFOPLIST_KEY_UIApplicationSupportsIndirectInputEvents = YES;
				INFOPLIST_KEY_UILaunchScreen_Generation = YES;
				INFOPLIST_KEY_UISupportedInterfaceOrientations_iPad = "UIInterfaceOrientationPortrait UIInterfaceOrientationPortraitUpsideDown UIInterfaceOrientationLandscapeLeft UIInterfaceOrientationLandscapeRight";
				INFOPLIST_KEY_UISupportedInterfaceOrientations_iPhone = "UIInterfaceOrientationPortrait UIInterfaceOrientationLandscapeLeft UIInterfaceOrientationLandscapeRight";
				LD_RUNPATH_SEARCH_PATHS = (
					"$(inherited)",
					"@executable_path/Frameworks",
				);
				MARKETING_VERSION = 1.0;
				PRODUCT_BUNDLE_IDENTIFIER = "com.585.UI-588";
				PRODUCT_NAME = "$(TARGET_NAME)";
				SWIFT_EMIT_LOC_STRINGS = YES;
				SWIFT_VERSION = 5.0;
				TARGETED_DEVICE_FAMILY = "1,2";
			};
			name = Release;
		};
		47B9099B285824F000F50DD7 /* Debug */ = {
			isa = XCBuildConfiguration;
			buildSettings = {
				ALWAYS_EMBED_SWIFT_STANDARD_LIBRARIES = YES;
				BUNDLE_LOADER = "$(TEST_HOST)";
				CODE_SIGN_STYLE = Automatic;
				CURRENT_PROJECT_VERSION = 1;
				DEVELOPMENT_TEAM = 8CL4U468K5;
				GENERATE_INFOPLIST_FILE = YES;
				IPHONEOS_DEPLOYMENT_TARGET = 16.0;
				MARKETING_VERSION = 1.0;
				PRODUCT_BUNDLE_IDENTIFIER = "com.585.UI-588Tests";
				PRODUCT_NAME = "$(TARGET_NAME)";
				SWIFT_EMIT_LOC_STRINGS = NO;
				SWIFT_VERSION = 5.0;
				TARGETED_DEVICE_FAMILY = "1,2";
				TEST_HOST = "$(BUILT_PRODUCTS_DIR)/UI-588.app/$(BUNDLE_EXECUTABLE_FOLDER_PATH)/UI-588";
			};
			name = Debug;
		};
		47B9099C285824F000F50DD7 /* Release */ = {
			isa = XCBuildConfiguration;
			buildSettings = {
				ALWAYS_EMBED_SWIFT_STANDARD_LIBRARIES = YES;
				BUNDLE_LOADER = "$(TEST_HOST)";
				CODE_SIGN_STYLE = Automatic;
				CURRENT_PROJECT_VERSION = 1;
				DEVELOPMENT_TEAM = 8CL4U468K5;
				GENERATE_INFOPLIST_FILE = YES;
				IPHONEOS_DEPLOYMENT_TARGET = 16.0;
				MARKETING_VERSION = 1.0;
				PRODUCT_BUNDLE_IDENTIFIER = "com.585.UI-588Tests";
				PRODUCT_NAME = "$(TARGET_NAME)";
				SWIFT_EMIT_LOC_STRINGS = NO;
				SWIFT_VERSION = 5.0;
				TARGETED_DEVICE_FAMILY = "1,2";
				TEST_HOST = "$(BUILT_PRODUCTS_DIR)/UI-588.app/$(BUNDLE_EXECUTABLE_FOLDER_PATH)/UI-588";
			};
			name = Release;
		};
		47B9099E285824F000F50DD7 /* Debug */ = {
			isa = XCBuildConfiguration;
			buildSettings = {
				ALWAYS_EMBED_SWIFT_STANDARD_LIBRARIES = YES;
				CODE_SIGN_STYLE = Automatic;
				CURRENT_PROJECT_VERSION = 1;
				DEVELOPMENT_TEAM = 8CL4U468K5;
				GENERATE_INFOPLIST_FILE = YES;
				MARKETING_VERSION = 1.0;
				PRODUCT_BUNDLE_IDENTIFIER = "com.585.UI-588UITests";
				PRODUCT_NAME = "$(TARGET_NAME)";
				SWIFT_EMIT_LOC_STRINGS = NO;
				SWIFT_VERSION = 5.0;
				TARGETED_DEVICE_FAMILY = "1,2";
				TEST_TARGET_NAME = "UI-588";
			};
			name = Debug;
		};
		47B9099F285824F000F50DD7 /* Release */ = {
			isa = XCBuildConfiguration;
			buildSettings = {
				ALWAYS_EMBED_SWIFT_STANDARD_LIBRARIES = YES;
				CODE_SIGN_STYLE = Automatic;
				CURRENT_PROJECT_VERSION = 1;
				DEVELOPMENT_TEAM = 8CL4U468K5;
				GENERATE_INFOPLIST_FILE = YES;
				MARKETING_VERSION = 1.0;
				PRODUCT_BUNDLE_IDENTIFIER = "com.585.UI-588UITests";
				PRODUCT_NAME = "$(TARGET_NAME)";
				SWIFT_EMIT_LOC_STRINGS = NO;
				SWIFT_VERSION = 5.0;
				TARGETED_DEVICE_FAMILY = "1,2";
				TEST_TARGET_NAME = "UI-588";
			};
			name = Release;
		};
/* End XCBuildConfiguration section */

/* Begin XCConfigurationList section */
		47B9096E285824EF00F50DD7 /* Build configuration list for PBXProject "UI-588" */ = {
			isa = XCConfigurationList;
			buildConfigurations = (
				47B90995285824F000F50DD7 /* Debug */,
				47B90996285824F000F50DD7 /* Release */,
			);
			defaultConfigurationIsVisible = 0;
			defaultConfigurationName = Release;
		};
		47B90997285824F000F50DD7 /* Build configuration list for PBXNativeTarget "UI-588" */ = {
			isa = XCConfigurationList;
			buildConfigurations = (
				47B90998285824F000F50DD7 /* Debug */,
				47B90999285824F000F50DD7 /* Release */,
			);
			defaultConfigurationIsVisible = 0;
			defaultConfigurationName = Release;
		};
		47B9099A285824F000F50DD7 /* Build configuration list for PBXNativeTarget "UI-588Tests" */ = {
			isa = XCConfigurationList;
			buildConfigurations = (
				47B9099B285824F000F50DD7 /* Debug */,
				47B9099C285824F000F50DD7 /* Release */,
			);
			defaultConfigurationIsVisible = 0;
			defaultConfigurationName = Release;
		};
		47B9099D285824F000F50DD7 /* Build configuration list for PBXNativeTarget "UI-588UITests" */ = {
			isa = XCConfigurationList;
			buildConfigurations = (
				47B9099E285824F000F50DD7 /* Debug */,
				47B9099F285824F000F50DD7 /* Release */,
			);
			defaultConfigurationIsVisible = 0;
			defaultConfigurationName = Release;
		};
/* End XCConfigurationList section */
	};
	rootObject = 47B9096B285824EF00F50DD7 /* Project object */;
}
